// !$*UTF8*$!
{
	archiveVersion = 1;
	classes = {
	};
	objectVersion = 46;
	objects = {

/* Begin PBXBuildFile section */
		B4001E531DF38B3800237F5F /* stroke_trial_decision_tree.json in Resources */ = {isa = PBXBuildFile; fileRef = B4001E521DF38B3800237F5F /* stroke_trial_decision_tree.json */; };
		B4001E581DF38DA500237F5F /* JSONParser.swift in Sources */ = {isa = PBXBuildFile; fileRef = B4001E571DF38DA500237F5F /* JSONParser.swift */; };
		B40B05A41DEBA3DE008AF173 /* AppDelegate.swift in Sources */ = {isa = PBXBuildFile; fileRef = B40B05A31DEBA3DE008AF173 /* AppDelegate.swift */; };
		B40B05A61DEBA3DE008AF173 /* ViewController.swift in Sources */ = {isa = PBXBuildFile; fileRef = B40B05A51DEBA3DE008AF173 /* ViewController.swift */; };
		B40B05A91DEBA3DE008AF173 /* Main.storyboard in Resources */ = {isa = PBXBuildFile; fileRef = B40B05A71DEBA3DE008AF173 /* Main.storyboard */; };
		B40B05AB1DEBA3DE008AF173 /* Assets.xcassets in Resources */ = {isa = PBXBuildFile; fileRef = B40B05AA1DEBA3DE008AF173 /* Assets.xcassets */; };
		B40B05AE1DEBA3DE008AF173 /* LaunchScreen.storyboard in Resources */ = {isa = PBXBuildFile; fileRef = B40B05AC1DEBA3DE008AF173 /* LaunchScreen.storyboard */; };
		B40B05B91DEBA3DE008AF173 /* UWStrokeResearchTests.swift in Sources */ = {isa = PBXBuildFile; fileRef = B40B05B81DEBA3DE008AF173 /* UWStrokeResearchTests.swift */; };
		B40B05C41DEBA3DE008AF173 /* UWStrokeResearchUITests.swift in Sources */ = {isa = PBXBuildFile; fileRef = B40B05C31DEBA3DE008AF173 /* UWStrokeResearchUITests.swift */; };
		B40B05D31DEBA4D7008AF173 /* Node.swift in Sources */ = {isa = PBXBuildFile; fileRef = B40B05D21DEBA4D7008AF173 /* Node.swift */; };
		B40B05D51DEBA74F008AF173 /* Range.swift in Sources */ = {isa = PBXBuildFile; fileRef = B40B05D41DEBA74F008AF173 /* Range.swift */; };
		B40B05D71DEBAAC5008AF173 /* LogicNode.swift in Sources */ = {isa = PBXBuildFile; fileRef = B40B05D61DEBAAC5008AF173 /* LogicNode.swift */; };
		B40B05D91DEBAD61008AF173 /* RangeNode.swift in Sources */ = {isa = PBXBuildFile; fileRef = B40B05D81DEBAD61008AF173 /* RangeNode.swift */; };
		B40B05DB1DEBB4AB008AF173 /* ResultNode.swift in Sources */ = {isa = PBXBuildFile; fileRef = B40B05DA1DEBB4AB008AF173 /* ResultNode.swift */; };
		B40B05DD1DEBB5FB008AF173 /* DiscreteNode.swift in Sources */ = {isa = PBXBuildFile; fileRef = B40B05DC1DEBB5FB008AF173 /* DiscreteNode.swift */; };
		B4328B401DF3DC9000072B6F /* QuestionHandler.swift in Sources */ = {isa = PBXBuildFile; fileRef = B4328B3F1DF3DC9000072B6F /* QuestionHandler.swift */; };
		B4D2DF7C1E0B79C3000910F8 /* TestXib.xib in Resources */ = {isa = PBXBuildFile; fileRef = B4D2DF7B1E0B79C3000910F8 /* TestXib.xib */; };
		B4D2DF7E1E0B7A2E000910F8 /* TestXib.swift in Sources */ = {isa = PBXBuildFile; fileRef = B4D2DF7D1E0B7A2E000910F8 /* TestXib.swift */; };
		B4D2DF811E0C7B8E000910F8 /* BaseQuestionView.xib in Resources */ = {isa = PBXBuildFile; fileRef = B4D2DF801E0C7B8E000910F8 /* BaseQuestionView.xib */; };
		B4D2DF831E0C846B000910F8 /* BaseQuestionView.swift in Sources */ = {isa = PBXBuildFile; fileRef = B4D2DF821E0C846B000910F8 /* BaseQuestionView.swift */; };
		B4D2DF891E0C92FD000910F8 /* RangeInputView.swift in Sources */ = {isa = PBXBuildFile; fileRef = B4D2DF881E0C92FD000910F8 /* RangeInputView.swift */; };
		B4D2DF8B1E0C9349000910F8 /* NodeStack.swift in Sources */ = {isa = PBXBuildFile; fileRef = B4D2DF8A1E0C9349000910F8 /* NodeStack.swift */; };
		B4D2DF8D1E0C9362000910F8 /* SwiftyJSON.swift in Sources */ = {isa = PBXBuildFile; fileRef = B4D2DF8C1E0C9362000910F8 /* SwiftyJSON.swift */; };
		B4D2DF8F1E0C937D000910F8 /* DiscreteInputView.swift in Sources */ = {isa = PBXBuildFile; fileRef = B4D2DF8E1E0C937D000910F8 /* DiscreteInputView.swift */; };
/* End PBXBuildFile section */

/* Begin PBXContainerItemProxy section */
		B40B05B51DEBA3DE008AF173 /* PBXContainerItemProxy */ = {
			isa = PBXContainerItemProxy;
			containerPortal = B40B05981DEBA3DE008AF173 /* Project object */;
			proxyType = 1;
			remoteGlobalIDString = B40B059F1DEBA3DE008AF173;
			remoteInfo = UWStrokeResearch;
		};
		B40B05C01DEBA3DE008AF173 /* PBXContainerItemProxy */ = {
			isa = PBXContainerItemProxy;
			containerPortal = B40B05981DEBA3DE008AF173 /* Project object */;
			proxyType = 1;
			remoteGlobalIDString = B40B059F1DEBA3DE008AF173;
			remoteInfo = UWStrokeResearch;
		};
/* End PBXContainerItemProxy section */

/* Begin PBXFileReference section */
		B4001E521DF38B3800237F5F /* stroke_trial_decision_tree.json */ = {isa = PBXFileReference; fileEncoding = 4; lastKnownFileType = text.json; path = stroke_trial_decision_tree.json; sourceTree = "<group>"; };
		B4001E571DF38DA500237F5F /* JSONParser.swift */ = {isa = PBXFileReference; fileEncoding = 4; lastKnownFileType = sourcecode.swift; name = JSONParser.swift; path = Model/JSONParser.swift; sourceTree = "<group>"; };
		B40B05A01DEBA3DE008AF173 /* UWStrokeResearch.app */ = {isa = PBXFileReference; explicitFileType = wrapper.application; includeInIndex = 0; path = UWStrokeResearch.app; sourceTree = BUILT_PRODUCTS_DIR; };
		B40B05A31DEBA3DE008AF173 /* AppDelegate.swift */ = {isa = PBXFileReference; lastKnownFileType = sourcecode.swift; path = AppDelegate.swift; sourceTree = "<group>"; };
		B40B05A51DEBA3DE008AF173 /* ViewController.swift */ = {isa = PBXFileReference; lastKnownFileType = sourcecode.swift; path = ViewController.swift; sourceTree = "<group>"; };
		B40B05A81DEBA3DE008AF173 /* Base */ = {isa = PBXFileReference; lastKnownFileType = file.storyboard; name = Base; path = Base.lproj/Main.storyboard; sourceTree = "<group>"; };
		B40B05AA1DEBA3DE008AF173 /* Assets.xcassets */ = {isa = PBXFileReference; lastKnownFileType = folder.assetcatalog; path = Assets.xcassets; sourceTree = "<group>"; };
		B40B05AD1DEBA3DE008AF173 /* Base */ = {isa = PBXFileReference; lastKnownFileType = file.storyboard; name = Base; path = Base.lproj/LaunchScreen.storyboard; sourceTree = "<group>"; };
		B40B05AF1DEBA3DE008AF173 /* Info.plist */ = {isa = PBXFileReference; lastKnownFileType = text.plist.xml; path = Info.plist; sourceTree = "<group>"; };
		B40B05B41DEBA3DE008AF173 /* UWStrokeResearchTests.xctest */ = {isa = PBXFileReference; explicitFileType = wrapper.cfbundle; includeInIndex = 0; path = UWStrokeResearchTests.xctest; sourceTree = BUILT_PRODUCTS_DIR; };
		B40B05B81DEBA3DE008AF173 /* UWStrokeResearchTests.swift */ = {isa = PBXFileReference; lastKnownFileType = sourcecode.swift; path = UWStrokeResearchTests.swift; sourceTree = "<group>"; };
		B40B05BA1DEBA3DE008AF173 /* Info.plist */ = {isa = PBXFileReference; lastKnownFileType = text.plist.xml; path = Info.plist; sourceTree = "<group>"; };
		B40B05BF1DEBA3DE008AF173 /* UWStrokeResearchUITests.xctest */ = {isa = PBXFileReference; explicitFileType = wrapper.cfbundle; includeInIndex = 0; path = UWStrokeResearchUITests.xctest; sourceTree = BUILT_PRODUCTS_DIR; };
		B40B05C31DEBA3DE008AF173 /* UWStrokeResearchUITests.swift */ = {isa = PBXFileReference; lastKnownFileType = sourcecode.swift; path = UWStrokeResearchUITests.swift; sourceTree = "<group>"; };
		B40B05C51DEBA3DE008AF173 /* Info.plist */ = {isa = PBXFileReference; lastKnownFileType = text.plist.xml; path = Info.plist; sourceTree = "<group>"; };
		B40B05D21DEBA4D7008AF173 /* Node.swift */ = {isa = PBXFileReference; fileEncoding = 4; lastKnownFileType = sourcecode.swift; name = Node.swift; path = Model/Node.swift; sourceTree = "<group>"; };
		B40B05D41DEBA74F008AF173 /* Range.swift */ = {isa = PBXFileReference; fileEncoding = 4; lastKnownFileType = sourcecode.swift; name = Range.swift; path = Model/Range.swift; sourceTree = "<group>"; };
		B40B05D61DEBAAC5008AF173 /* LogicNode.swift */ = {isa = PBXFileReference; fileEncoding = 4; lastKnownFileType = sourcecode.swift; name = LogicNode.swift; path = Model/LogicNode.swift; sourceTree = "<group>"; };
		B40B05D81DEBAD61008AF173 /* RangeNode.swift */ = {isa = PBXFileReference; fileEncoding = 4; lastKnownFileType = sourcecode.swift; name = RangeNode.swift; path = Model/RangeNode.swift; sourceTree = "<group>"; };
		B40B05DA1DEBB4AB008AF173 /* ResultNode.swift */ = {isa = PBXFileReference; fileEncoding = 4; lastKnownFileType = sourcecode.swift; name = ResultNode.swift; path = Model/ResultNode.swift; sourceTree = "<group>"; };
		B40B05DC1DEBB5FB008AF173 /* DiscreteNode.swift */ = {isa = PBXFileReference; fileEncoding = 4; lastKnownFileType = sourcecode.swift; name = DiscreteNode.swift; path = Model/DiscreteNode.swift; sourceTree = "<group>"; };
		B4328B3F1DF3DC9000072B6F /* QuestionHandler.swift */ = {isa = PBXFileReference; fileEncoding = 4; lastKnownFileType = sourcecode.swift; name = QuestionHandler.swift; path = Model/QuestionHandler.swift; sourceTree = "<group>"; };
		B4D2DF7B1E0B79C3000910F8 /* TestXib.xib */ = {isa = PBXFileReference; fileEncoding = 4; lastKnownFileType = file.xib; name = TestXib.xib; path = View/TestXib.xib; sourceTree = "<group>"; };
		B4D2DF7D1E0B7A2E000910F8 /* TestXib.swift */ = {isa = PBXFileReference; fileEncoding = 4; lastKnownFileType = sourcecode.swift; name = TestXib.swift; path = View/TestXib.swift; sourceTree = "<group>"; };
		B4D2DF801E0C7B8E000910F8 /* BaseQuestionView.xib */ = {isa = PBXFileReference; fileEncoding = 4; lastKnownFileType = file.xib; name = BaseQuestionView.xib; path = View/BaseQuestionView.xib; sourceTree = "<group>"; };
		B4D2DF821E0C846B000910F8 /* BaseQuestionView.swift */ = {isa = PBXFileReference; fileEncoding = 4; lastKnownFileType = sourcecode.swift; name = BaseQuestionView.swift; path = View/BaseQuestionView.swift; sourceTree = "<group>"; };
		B4D2DF881E0C92FD000910F8 /* RangeInputView.swift */ = {isa = PBXFileReference; fileEncoding = 4; lastKnownFileType = sourcecode.swift; name = RangeInputView.swift; path = View/RangeInputView.swift; sourceTree = "<group>"; };
		B4D2DF8A1E0C9349000910F8 /* NodeStack.swift */ = {isa = PBXFileReference; fileEncoding = 4; lastKnownFileType = sourcecode.swift; name = NodeStack.swift; path = Model/NodeStack.swift; sourceTree = "<group>"; };
		B4D2DF8C1E0C9362000910F8 /* SwiftyJSON.swift */ = {isa = PBXFileReference; fileEncoding = 4; lastKnownFileType = sourcecode.swift; name = SwiftyJSON.swift; path = Model/SwiftyJSON.swift; sourceTree = "<group>"; };
		B4D2DF8E1E0C937D000910F8 /* DiscreteInputView.swift */ = {isa = PBXFileReference; fileEncoding = 4; lastKnownFileType = sourcecode.swift; name = DiscreteInputView.swift; path = View/DiscreteInputView.swift; sourceTree = "<group>"; };
/* End PBXFileReference section */

/* Begin PBXFrameworksBuildPhase section */
		B40B059D1DEBA3DE008AF173 /* Frameworks */ = {
			isa = PBXFrameworksBuildPhase;
			buildActionMask = 2147483647;
			files = (
			);
			runOnlyForDeploymentPostprocessing = 0;
		};
		B40B05B11DEBA3DE008AF173 /* Frameworks */ = {
			isa = PBXFrameworksBuildPhase;
			buildActionMask = 2147483647;
			files = (
			);
			runOnlyForDeploymentPostprocessing = 0;
		};
		B40B05BC1DEBA3DE008AF173 /* Frameworks */ = {
			isa = PBXFrameworksBuildPhase;
			buildActionMask = 2147483647;
			files = (
			);
			runOnlyForDeploymentPostprocessing = 0;
		};
/* End PBXFrameworksBuildPhase section */

/* Begin PBXGroup section */
		B4001E541DF38B4300237F5F /* Resources */ = {
			isa = PBXGroup;
			children = (
				B4001E521DF38B3800237F5F /* stroke_trial_decision_tree.json */,
			);
			name = Resources;
			sourceTree = "<group>";
		};
		B40B05971DEBA3DE008AF173 = {
			isa = PBXGroup;
			children = (
				B40B05A21DEBA3DE008AF173 /* UWStrokeResearch */,
				B40B05B71DEBA3DE008AF173 /* UWStrokeResearchTests */,
				B40B05C21DEBA3DE008AF173 /* UWStrokeResearchUITests */,
				B40B05A11DEBA3DE008AF173 /* Products */,
			);
			sourceTree = "<group>";
		};
		B40B05A11DEBA3DE008AF173 /* Products */ = {
			isa = PBXGroup;
			children = (
				B40B05A01DEBA3DE008AF173 /* UWStrokeResearch.app */,
				B40B05B41DEBA3DE008AF173 /* UWStrokeResearchTests.xctest */,
				B40B05BF1DEBA3DE008AF173 /* UWStrokeResearchUITests.xctest */,
			);
			name = Products;
			sourceTree = "<group>";
		};
		B40B05A21DEBA3DE008AF173 /* UWStrokeResearch */ = {
			isa = PBXGroup;
			children = (
				B4001E541DF38B4300237F5F /* Resources */,
				B40B05D11DEBA4C1008AF173 /* Model */,
				B40B05A31DEBA3DE008AF173 /* AppDelegate.swift */,
				B40B05A51DEBA3DE008AF173 /* ViewController.swift */,
				B40B05A71DEBA3DE008AF173 /* Main.storyboard */,
				B4D2DF7F1E0B8486000910F8 /* View */,
				B40B05AA1DEBA3DE008AF173 /* Assets.xcassets */,
				B40B05AC1DEBA3DE008AF173 /* LaunchScreen.storyboard */,
				B40B05AF1DEBA3DE008AF173 /* Info.plist */,
			);
			path = UWStrokeResearch;
			sourceTree = "<group>";
		};
		B40B05B71DEBA3DE008AF173 /* UWStrokeResearchTests */ = {
			isa = PBXGroup;
			children = (
				B40B05B81DEBA3DE008AF173 /* UWStrokeResearchTests.swift */,
				B40B05BA1DEBA3DE008AF173 /* Info.plist */,
			);
			path = UWStrokeResearchTests;
			sourceTree = "<group>";
		};
		B40B05C21DEBA3DE008AF173 /* UWStrokeResearchUITests */ = {
			isa = PBXGroup;
			children = (
				B40B05C31DEBA3DE008AF173 /* UWStrokeResearchUITests.swift */,
				B40B05C51DEBA3DE008AF173 /* Info.plist */,
			);
			path = UWStrokeResearchUITests;
			sourceTree = "<group>";
		};
		B40B05D11DEBA4C1008AF173 /* Model */ = {
			isa = PBXGroup;
			children = (
				B4D2DF8A1E0C9349000910F8 /* NodeStack.swift */,
				B4328B3F1DF3DC9000072B6F /* QuestionHandler.swift */,
				B4001E571DF38DA500237F5F /* JSONParser.swift */,
				B4D2DF8C1E0C9362000910F8 /* SwiftyJSON.swift */,
				B40B05D21DEBA4D7008AF173 /* Node.swift */,
				B40B05D41DEBA74F008AF173 /* Range.swift */,
				B40B05D61DEBAAC5008AF173 /* LogicNode.swift */,
				B40B05D81DEBAD61008AF173 /* RangeNode.swift */,
				B40B05DA1DEBB4AB008AF173 /* ResultNode.swift */,
				B40B05DC1DEBB5FB008AF173 /* DiscreteNode.swift */,
			);
			name = Model;
			sourceTree = "<group>";
		};
		B4D2DF7F1E0B8486000910F8 /* View */ = {
			isa = PBXGroup;
			children = (
				B4D2DF7B1E0B79C3000910F8 /* TestXib.xib */,
				B4D2DF7D1E0B7A2E000910F8 /* TestXib.swift */,
				B4D2DF801E0C7B8E000910F8 /* BaseQuestionView.xib */,
				B4D2DF821E0C846B000910F8 /* BaseQuestionView.swift */,
				B4D2DF8E1E0C937D000910F8 /* DiscreteInputView.swift */,
				B4D2DF881E0C92FD000910F8 /* RangeInputView.swift */,
			);
			name = View;
			sourceTree = "<group>";
		};
/* End PBXGroup section */

/* Begin PBXNativeTarget section */
		B40B059F1DEBA3DE008AF173 /* UWStrokeResearch */ = {
			isa = PBXNativeTarget;
			buildConfigurationList = B40B05C81DEBA3DE008AF173 /* Build configuration list for PBXNativeTarget "UWStrokeResearch" */;
			buildPhases = (
				B40B059C1DEBA3DE008AF173 /* Sources */,
				B40B059D1DEBA3DE008AF173 /* Frameworks */,
				B40B059E1DEBA3DE008AF173 /* Resources */,
			);
			buildRules = (
			);
			dependencies = (
			);
			name = UWStrokeResearch;
			productName = UWStrokeResearch;
			productReference = B40B05A01DEBA3DE008AF173 /* UWStrokeResearch.app */;
			productType = "com.apple.product-type.application";
		};
		B40B05B31DEBA3DE008AF173 /* UWStrokeResearchTests */ = {
			isa = PBXNativeTarget;
			buildConfigurationList = B40B05CB1DEBA3DE008AF173 /* Build configuration list for PBXNativeTarget "UWStrokeResearchTests" */;
			buildPhases = (
				B40B05B01DEBA3DE008AF173 /* Sources */,
				B40B05B11DEBA3DE008AF173 /* Frameworks */,
				B40B05B21DEBA3DE008AF173 /* Resources */,
			);
			buildRules = (
			);
			dependencies = (
				B40B05B61DEBA3DE008AF173 /* PBXTargetDependency */,
			);
			name = UWStrokeResearchTests;
			productName = UWStrokeResearchTests;
			productReference = B40B05B41DEBA3DE008AF173 /* UWStrokeResearchTests.xctest */;
			productType = "com.apple.product-type.bundle.unit-test";
		};
		B40B05BE1DEBA3DE008AF173 /* UWStrokeResearchUITests */ = {
			isa = PBXNativeTarget;
			buildConfigurationList = B40B05CE1DEBA3DE008AF173 /* Build configuration list for PBXNativeTarget "UWStrokeResearchUITests" */;
			buildPhases = (
				B40B05BB1DEBA3DE008AF173 /* Sources */,
				B40B05BC1DEBA3DE008AF173 /* Frameworks */,
				B40B05BD1DEBA3DE008AF173 /* Resources */,
			);
			buildRules = (
			);
			dependencies = (
				B40B05C11DEBA3DE008AF173 /* PBXTargetDependency */,
			);
			name = UWStrokeResearchUITests;
			productName = UWStrokeResearchUITests;
			productReference = B40B05BF1DEBA3DE008AF173 /* UWStrokeResearchUITests.xctest */;
			productType = "com.apple.product-type.bundle.ui-testing";
		};
/* End PBXNativeTarget section */

/* Begin PBXProject section */
		B40B05981DEBA3DE008AF173 /* Project object */ = {
			isa = PBXProject;
			attributes = {
				LastSwiftUpdateCheck = 0810;
				LastUpgradeCheck = 0810;
				ORGANIZATIONNAME = "Dilraj Devgun";
				TargetAttributes = {
					B40B059F1DEBA3DE008AF173 = {
						CreatedOnToolsVersion = 8.1;
						DevelopmentTeam = Y5SA8QZY2L;
						ProvisioningStyle = Automatic;
					};
					B40B05B31DEBA3DE008AF173 = {
						CreatedOnToolsVersion = 8.1;
						DevelopmentTeam = Y5SA8QZY2L;
						ProvisioningStyle = Automatic;
						TestTargetID = B40B059F1DEBA3DE008AF173;
					};
					B40B05BE1DEBA3DE008AF173 = {
						CreatedOnToolsVersion = 8.1;
						DevelopmentTeam = Y5SA8QZY2L;
						ProvisioningStyle = Automatic;
						TestTargetID = B40B059F1DEBA3DE008AF173;
					};
				};
			};
			buildConfigurationList = B40B059B1DEBA3DE008AF173 /* Build configuration list for PBXProject "UWStrokeResearch" */;
			compatibilityVersion = "Xcode 3.2";
			developmentRegion = English;
			hasScannedForEncodings = 0;
			knownRegions = (
				en,
				Base,
			);
			mainGroup = B40B05971DEBA3DE008AF173;
			productRefGroup = B40B05A11DEBA3DE008AF173 /* Products */;
			projectDirPath = "";
			projectRoot = "";
			targets = (
				B40B059F1DEBA3DE008AF173 /* UWStrokeResearch */,
				B40B05B31DEBA3DE008AF173 /* UWStrokeResearchTests */,
				B40B05BE1DEBA3DE008AF173 /* UWStrokeResearchUITests */,
			);
		};
/* End PBXProject section */

/* Begin PBXResourcesBuildPhase section */
		B40B059E1DEBA3DE008AF173 /* Resources */ = {
			isa = PBXResourcesBuildPhase;
			buildActionMask = 2147483647;
			files = (
				B4D2DF7C1E0B79C3000910F8 /* TestXib.xib in Resources */,
				B40B05AE1DEBA3DE008AF173 /* LaunchScreen.storyboard in Resources */,
				B40B05AB1DEBA3DE008AF173 /* Assets.xcassets in Resources */,
				B4001E531DF38B3800237F5F /* stroke_trial_decision_tree.json in Resources */,
				B40B05A91DEBA3DE008AF173 /* Main.storyboard in Resources */,
				B4D2DF811E0C7B8E000910F8 /* BaseQuestionView.xib in Resources */,
			);
			runOnlyForDeploymentPostprocessing = 0;
		};
		B40B05B21DEBA3DE008AF173 /* Resources */ = {
			isa = PBXResourcesBuildPhase;
			buildActionMask = 2147483647;
			files = (
			);
			runOnlyForDeploymentPostprocessing = 0;
		};
		B40B05BD1DEBA3DE008AF173 /* Resources */ = {
			isa = PBXResourcesBuildPhase;
			buildActionMask = 2147483647;
			files = (
			);
			runOnlyForDeploymentPostprocessing = 0;
		};
/* End PBXResourcesBuildPhase section */

/* Begin PBXSourcesBuildPhase section */
		B40B059C1DEBA3DE008AF173 /* Sources */ = {
			isa = PBXSourcesBuildPhase;
			buildActionMask = 2147483647;
			files = (
				B4001E581DF38DA500237F5F /* JSONParser.swift in Sources */,
				B4328B401DF3DC9000072B6F /* QuestionHandler.swift in Sources */,
				B40B05D31DEBA4D7008AF173 /* Node.swift in Sources */,
				B40B05D91DEBAD61008AF173 /* RangeNode.swift in Sources */,
				B4D2DF8B1E0C9349000910F8 /* NodeStack.swift in Sources */,
				B4D2DF7E1E0B7A2E000910F8 /* TestXib.swift in Sources */,
				B4D2DF891E0C92FD000910F8 /* RangeInputView.swift in Sources */,
				B40B05A61DEBA3DE008AF173 /* ViewController.swift in Sources */,
				B40B05DB1DEBB4AB008AF173 /* ResultNode.swift in Sources */,
				B4D2DF8F1E0C937D000910F8 /* DiscreteInputView.swift in Sources */,
				B40B05D71DEBAAC5008AF173 /* LogicNode.swift in Sources */,
				B40B05A41DEBA3DE008AF173 /* AppDelegate.swift in Sources */,
				B40B05DD1DEBB5FB008AF173 /* DiscreteNode.swift in Sources */,
				B4D2DF8D1E0C9362000910F8 /* SwiftyJSON.swift in Sources */,
				B40B05D51DEBA74F008AF173 /* Range.swift in Sources */,
				B4D2DF831E0C846B000910F8 /* BaseQuestionView.swift in Sources */,
			);
			runOnlyForDeploymentPostprocessing = 0;
		};
		B40B05B01DEBA3DE008AF173 /* Sources */ = {
			isa = PBXSourcesBuildPhase;
			buildActionMask = 2147483647;
			files = (
				B40B05B91DEBA3DE008AF173 /* UWStrokeResearchTests.swift in Sources */,
			);
			runOnlyForDeploymentPostprocessing = 0;
		};
		B40B05BB1DEBA3DE008AF173 /* Sources */ = {
			isa = PBXSourcesBuildPhase;
			buildActionMask = 2147483647;
			files = (
				B40B05C41DEBA3DE008AF173 /* UWStrokeResearchUITests.swift in Sources */,
			);
			runOnlyForDeploymentPostprocessing = 0;
		};
/* End PBXSourcesBuildPhase section */

/* Begin PBXTargetDependency section */
		B40B05B61DEBA3DE008AF173 /* PBXTargetDependency */ = {
			isa = PBXTargetDependency;
			target = B40B059F1DEBA3DE008AF173 /* UWStrokeResearch */;
			targetProxy = B40B05B51DEBA3DE008AF173 /* PBXContainerItemProxy */;
		};
		B40B05C11DEBA3DE008AF173 /* PBXTargetDependency */ = {
			isa = PBXTargetDependency;
			target = B40B059F1DEBA3DE008AF173 /* UWStrokeResearch */;
			targetProxy = B40B05C01DEBA3DE008AF173 /* PBXContainerItemProxy */;
		};
/* End PBXTargetDependency section */

/* Begin PBXVariantGroup section */
		B40B05A71DEBA3DE008AF173 /* Main.storyboard */ = {
			isa = PBXVariantGroup;
			children = (
				B40B05A81DEBA3DE008AF173 /* Base */,
			);
			name = Main.storyboard;
			sourceTree = "<group>";
		};
		B40B05AC1DEBA3DE008AF173 /* LaunchScreen.storyboard */ = {
			isa = PBXVariantGroup;
			children = (
				B40B05AD1DEBA3DE008AF173 /* Base */,
			);
			name = LaunchScreen.storyboard;
			sourceTree = "<group>";
		};
/* End PBXVariantGroup section */

/* Begin XCBuildConfiguration section */
		B40B05C61DEBA3DE008AF173 /* Debug */ = {
			isa = XCBuildConfiguration;
			buildSettings = {
				ALWAYS_SEARCH_USER_PATHS = NO;
				CLANG_ANALYZER_NONNULL = YES;
				CLANG_CXX_LANGUAGE_STANDARD = "gnu++0x";
				CLANG_CXX_LIBRARY = "libc++";
				CLANG_ENABLE_MODULES = YES;
				CLANG_ENABLE_OBJC_ARC = YES;
				CLANG_WARN_BOOL_CONVERSION = YES;
				CLANG_WARN_CONSTANT_CONVERSION = YES;
				CLANG_WARN_DIRECT_OBJC_ISA_USAGE = YES_ERROR;
				CLANG_WARN_DOCUMENTATION_COMMENTS = YES;
				CLANG_WARN_EMPTY_BODY = YES;
				CLANG_WARN_ENUM_CONVERSION = YES;
				CLANG_WARN_INFINITE_RECURSION = YES;
				CLANG_WARN_INT_CONVERSION = YES;
				CLANG_WARN_OBJC_ROOT_CLASS = YES_ERROR;
				CLANG_WARN_SUSPICIOUS_MOVES = YES;
				CLANG_WARN_UNREACHABLE_CODE = YES;
				CLANG_WARN__DUPLICATE_METHOD_MATCH = YES;
				"CODE_SIGN_IDENTITY[sdk=iphoneos*]" = "iPhone Developer";
				COPY_PHASE_STRIP = NO;
				DEBUG_INFORMATION_FORMAT = dwarf;
				ENABLE_STRICT_OBJC_MSGSEND = YES;
				ENABLE_TESTABILITY = YES;
				GCC_C_LANGUAGE_STANDARD = gnu99;
				GCC_DYNAMIC_NO_PIC = NO;
				GCC_NO_COMMON_BLOCKS = YES;
				GCC_OPTIMIZATION_LEVEL = 0;
				GCC_PREPROCESSOR_DEFINITIONS = (
					"DEBUG=1",
					"$(inherited)",
				);
				GCC_WARN_64_TO_32_BIT_CONVERSION = YES;
				GCC_WARN_ABOUT_RETURN_TYPE = YES_ERROR;
				GCC_WARN_UNDECLARED_SELECTOR = YES;
				GCC_WARN_UNINITIALIZED_AUTOS = YES_AGGRESSIVE;
				GCC_WARN_UNUSED_FUNCTION = YES;
				GCC_WARN_UNUSED_VARIABLE = YES;
				IPHONEOS_DEPLOYMENT_TARGET = 10.1;
				MTL_ENABLE_DEBUG_INFO = YES;
				ONLY_ACTIVE_ARCH = YES;
				SDKROOT = iphoneos;
				SWIFT_ACTIVE_COMPILATION_CONDITIONS = DEBUG;
				SWIFT_OPTIMIZATION_LEVEL = "-Onone";
			};
			name = Debug;
		};
		B40B05C71DEBA3DE008AF173 /* Release */ = {
			isa = XCBuildConfiguration;
			buildSettings = {
				ALWAYS_SEARCH_USER_PATHS = NO;
				CLANG_ANALYZER_NONNULL = YES;
				CLANG_CXX_LANGUAGE_STANDARD = "gnu++0x";
				CLANG_CXX_LIBRARY = "libc++";
				CLANG_ENABLE_MODULES = YES;
				CLANG_ENABLE_OBJC_ARC = YES;
				CLANG_WARN_BOOL_CONVERSION = YES;
				CLANG_WARN_CONSTANT_CONVERSION = YES;
				CLANG_WARN_DIRECT_OBJC_ISA_USAGE = YES_ERROR;
				CLANG_WARN_DOCUMENTATION_COMMENTS = YES;
				CLANG_WARN_EMPTY_BODY = YES;
				CLANG_WARN_ENUM_CONVERSION = YES;
				CLANG_WARN_INFINITE_RECURSION = YES;
				CLANG_WARN_INT_CONVERSION = YES;
				CLANG_WARN_OBJC_ROOT_CLASS = YES_ERROR;
				CLANG_WARN_SUSPICIOUS_MOVES = YES;
				CLANG_WARN_UNREACHABLE_CODE = YES;
				CLANG_WARN__DUPLICATE_METHOD_MATCH = YES;
				"CODE_SIGN_IDENTITY[sdk=iphoneos*]" = "iPhone Developer";
				COPY_PHASE_STRIP = NO;
				DEBUG_INFORMATION_FORMAT = "dwarf-with-dsym";
				ENABLE_NS_ASSERTIONS = NO;
				ENABLE_STRICT_OBJC_MSGSEND = YES;
				GCC_C_LANGUAGE_STANDARD = gnu99;
				GCC_NO_COMMON_BLOCKS = YES;
				GCC_WARN_64_TO_32_BIT_CONVERSION = YES;
				GCC_WARN_ABOUT_RETURN_TYPE = YES_ERROR;
				GCC_WARN_UNDECLARED_SELECTOR = YES;
				GCC_WARN_UNINITIALIZED_AUTOS = YES_AGGRESSIVE;
				GCC_WARN_UNUSED_FUNCTION = YES;
				GCC_WARN_UNUSED_VARIABLE = YES;
				IPHONEOS_DEPLOYMENT_TARGET = 10.1;
				MTL_ENABLE_DEBUG_INFO = NO;
				SDKROOT = iphoneos;
				SWIFT_OPTIMIZATION_LEVEL = "-Owholemodule";
				VALIDATE_PRODUCT = YES;
			};
			name = Release;
		};
		B40B05C91DEBA3DE008AF173 /* Debug */ = {
			isa = XCBuildConfiguration;
			buildSettings = {
				ASSETCATALOG_COMPILER_APPICON_NAME = AppIcon;
				DEVELOPMENT_TEAM = Y5SA8QZY2L;
				INFOPLIST_FILE = UWStrokeResearch/Info.plist;
				IPHONEOS_DEPLOYMENT_TARGET = 9.0;
				LD_RUNPATH_SEARCH_PATHS = "$(inherited) @executable_path/Frameworks";
				PRODUCT_BUNDLE_IDENTIFIER = dsd.UWStrokeResearch;
				PRODUCT_NAME = "$(TARGET_NAME)";
				SWIFT_VERSION = 3.0;
			};
			name = Debug;
		};
		B40B05CA1DEBA3DE008AF173 /* Release */ = {
			isa = XCBuildConfiguration;
			buildSettings = {
				ASSETCATALOG_COMPILER_APPICON_NAME = AppIcon;
				DEVELOPMENT_TEAM = Y5SA8QZY2L;
				INFOPLIST_FILE = UWStrokeResearch/Info.plist;
				IPHONEOS_DEPLOYMENT_TARGET = 9.0;
				LD_RUNPATH_SEARCH_PATHS = "$(inherited) @executable_path/Frameworks";
				PRODUCT_BUNDLE_IDENTIFIER = dsd.UWStrokeResearch;
				PRODUCT_NAME = "$(TARGET_NAME)";
				SWIFT_VERSION = 3.0;
			};
			name = Release;
		};
		B40B05CC1DEBA3DE008AF173 /* Debug */ = {
			isa = XCBuildConfiguration;
			buildSettings = {
				ALWAYS_EMBED_SWIFT_STANDARD_LIBRARIES = YES;
				BUNDLE_LOADER = "$(TEST_HOST)";
				DEVELOPMENT_TEAM = Y5SA8QZY2L;
				INFOPLIST_FILE = UWStrokeResearchTests/Info.plist;
				LD_RUNPATH_SEARCH_PATHS = "$(inherited) @executable_path/Frameworks @loader_path/Frameworks";
				PRODUCT_BUNDLE_IDENTIFIER = dsd.UWStrokeResearchTests;
				PRODUCT_NAME = "$(TARGET_NAME)";
				SWIFT_VERSION = 3.0;
				TEST_HOST = "$(BUILT_PRODUCTS_DIR)/UWStrokeResearch.app/UWStrokeResearch";
			};
			name = Debug;
		};
		B40B05CD1DEBA3DE008AF173 /* Release */ = {
			isa = XCBuildConfiguration;
			buildSettings = {
				ALWAYS_EMBED_SWIFT_STANDARD_LIBRARIES = YES;
				BUNDLE_LOADER = "$(TEST_HOST)";
				DEVELOPMENT_TEAM = Y5SA8QZY2L;
				INFOPLIST_FILE = UWStrokeResearchTests/Info.plist;
				LD_RUNPATH_SEARCH_PATHS = "$(inherited) @executable_path/Frameworks @loader_path/Frameworks";
				PRODUCT_BUNDLE_IDENTIFIER = dsd.UWStrokeResearchTests;
				PRODUCT_NAME = "$(TARGET_NAME)";
				SWIFT_VERSION = 3.0;
				TEST_HOST = "$(BUILT_PRODUCTS_DIR)/UWStrokeResearch.app/UWStrokeResearch";
			};
			name = Release;
		};
		B40B05CF1DEBA3DE008AF173 /* Debug */ = {
			isa = XCBuildConfiguration;
			buildSettings = {
				ALWAYS_EMBED_SWIFT_STANDARD_LIBRARIES = YES;
				DEVELOPMENT_TEAM = Y5SA8QZY2L;
				INFOPLIST_FILE = UWStrokeResearchUITests/Info.plist;
				LD_RUNPATH_SEARCH_PATHS = "$(inherited) @executable_path/Frameworks @loader_path/Frameworks";
				PRODUCT_BUNDLE_IDENTIFIER = dsd.UWStrokeResearchUITests;
				PRODUCT_NAME = "$(TARGET_NAME)";
				SWIFT_VERSION = 3.0;
				TEST_TARGET_NAME = UWStrokeResearch;
			};
			name = Debug;
		};
		B40B05D01DEBA3DE008AF173 /* Release */ = {
			isa = XCBuildConfiguration;
			buildSettings = {
				ALWAYS_EMBED_SWIFT_STANDARD_LIBRARIES = YES;
				DEVELOPMENT_TEAM = Y5SA8QZY2L;
				INFOPLIST_FILE = UWStrokeResearchUITests/Info.plist;
				LD_RUNPATH_SEARCH_PATHS = "$(inherited) @executable_path/Frameworks @loader_path/Frameworks";
				PRODUCT_BUNDLE_IDENTIFIER = dsd.UWStrokeResearchUITests;
				PRODUCT_NAME = "$(TARGET_NAME)";
				SWIFT_VERSION = 3.0;
				TEST_TARGET_NAME = UWStrokeResearch;
			};
			name = Release;
		};
/* End XCBuildConfiguration section */

/* Begin XCConfigurationList section */
		B40B059B1DEBA3DE008AF173 /* Build configuration list for PBXProject "UWStrokeResearch" */ = {
			isa = XCConfigurationList;
			buildConfigurations = (
				B40B05C61DEBA3DE008AF173 /* Debug */,
				B40B05C71DEBA3DE008AF173 /* Release */,
			);
			defaultConfigurationIsVisible = 0;
			defaultConfigurationName = Release;
		};
		B40B05C81DEBA3DE008AF173 /* Build configuration list for PBXNativeTarget "UWStrokeResearch" */ = {
			isa = XCConfigurationList;
			buildConfigurations = (
				B40B05C91DEBA3DE008AF173 /* Debug */,
				B40B05CA1DEBA3DE008AF173 /* Release */,
			);
			defaultConfigurationIsVisible = 0;
			defaultConfigurationName = Release;
		};
		B40B05CB1DEBA3DE008AF173 /* Build configuration list for PBXNativeTarget "UWStrokeResearchTests" */ = {
			isa = XCConfigurationList;
			buildConfigurations = (
				B40B05CC1DEBA3DE008AF173 /* Debug */,
				B40B05CD1DEBA3DE008AF173 /* Release */,
			);
			defaultConfigurationIsVisible = 0;
			defaultConfigurationName = Release;
		};
		B40B05CE1DEBA3DE008AF173 /* Build configuration list for PBXNativeTarget "UWStrokeResearchUITests" */ = {
			isa = XCConfigurationList;
			buildConfigurations = (
				B40B05CF1DEBA3DE008AF173 /* Debug */,
				B40B05D01DEBA3DE008AF173 /* Release */,
			);
			defaultConfigurationIsVisible = 0;
			defaultConfigurationName = Release;
		};
/* End XCConfigurationList section */
	};
	rootObject = B40B05981DEBA3DE008AF173 /* Project object */;
}
